hash: 2cc2f68b6209fe0293020b32317c5966376a60023a12418f3c3e76b8c81dfb00
updated: 2017-08-18T20:58:43.281792834+08:00
imports:
- name: github.com/c-bata/go-prompt
  version: b5d7d9eae33759a6646cb41768966b593eef18f3
- name: github.com/logrusorgru/aurora
  version: 962a6974312dde57d1f6f5738b4f83e1af9f38a4
- name: github.com/pkg/term
  version: b1f72af2d63057363398bec5873d16a98b453312
  subpackages:
  - termios
- name: golang.org/x/sys
  version: d8f5ea21b9295e315e612b4bcf4bedea93454d4d
  repo: https://github.com/golang/sys.git
  subpackages:
  - unix
- name: gopkg.in/gomail.v2
  version: 41f3572897373c5538c50a2402db15db079fa4fd
testImports: []
